
Microsoft Visual Studio Solution File, Format Version 12.00
# Visual Studio Version 16
VisualStudioVersion = 16.0.30611.23
MinimumVisualStudioVersion = 10.0.40219.1
Project("{FAE04EC0-301F-11D3-BF4B-00C04F79EFBC}") = "TimesheetGenerator", "TimesheetGenerator\TimesheetGenerator.csproj", "{84ED0CCA-1315-4DF1-AF19-947F32457896}"
EndProject
Global
	GlobalSection(SolutionConfigurationPlatforms) = preSolution
		Debug|Any CPU = Debug|Any CPU
		Release|Any CPU = Release|Any CPU
	EndGlobalSection
	GlobalSection(ProjectConfigurationPlatforms) = postSolution
		{84ED0CCA-1315-4DF1-AF19-947F32457896}.Debug|Any CPU.ActiveCfg = Debug|Any CPU
		{84ED0CCA-1315-4DF1-AF19-947F32457896}.Debug|Any CPU.Build.0 = Debug|Any CPU
		{84ED0CCA-1315-4DF1-AF19-947F32457896}.Release|Any CPU.ActiveCfg = Release|Any CPU
		{84ED0CCA-1315-4DF1-AF19-947F32457896}.Release|Any CPU.Build.0 = Release|Any CPU
	EndGlobalSection
	GlobalSection(SolutionProperties) = preSolution
		HideSolutionNode = FALSE
	EndGlobalSection
	GlobalSection(ExtensibilityGlobals) = postSolution
		SolutionGuid = {77EFCD8A-C783-4D48-B120-94D44D43C4EB}
	EndGlobalSection
EndGlobal
